# THIS IS AN AUTOGENERATED FILE. DO NOT EDIT THIS FILE DIRECTLY.
# yarn lockfile v1


"@uirouter/angularjs@^1.0.26":
  version "1.0.26"
  resolved "https://registry.yarnpkg.com/@uirouter/angularjs/-/angularjs-1.0.26.tgz#680ba48ac2c5608a6621c09fadb88a80ceb2e0cc"
  integrity sha512-90kS4j0cBk1rpipE/CFC+/cNpc32WHI5536oHsJzAOIDY1NoSmb5TMOISrJslg7sBGF56NEtGoRVf42gaACrfA==
  dependencies:
    "@uirouter/core" "6.0.5"

"@uirouter/core@6.0.5":
  version "6.0.5"
  resolved "https://registry.yarnpkg.com/@uirouter/core/-/core-6.0.5.tgz#60f13fd530fc75daa283e2bece944516559d066b"
  integrity sha512-WN2HyELsxvqLaCMYCWojGW/QLRBgFBfwyERp5jC3Vn1njo/FLI5hplVqWMu6LIGp6Hpz3pbdtSaiFb1iY7iTVw==

angular-animate@^1.8.0:
  version "1.8.0"
  resolved "https://registry.yarnpkg.com/angular-animate/-/angular-animate-1.8.0.tgz#fc6333a5a052129dc5fa0b02cd676304d2b99e9d"
  integrity sha512-ROFK3UIn1MSVpqAlay15ZxjPmVbvwaO3Zn/2vhmQdYeqxSbUVuOckcvtDLBpHPGPtOAreu35qfV7NQ7u2EgDcA==

angular-aria@^1.8.0:
  version "1.8.0"
  resolved "https://registry.yarnpkg.com/angular-aria/-/angular-aria-1.8.0.tgz#97aec9b1e8bafd07d5fab30f98d8ec832e18e25d"
  integrity sha512-eCQI6EwgY6bYHdzIUfDABHnZjoZ3bNYpCsnceQF4bLfbq1QtZ7raRPNca45sj6C9Pfjde6PNcEDvuLozFPYnrQ==

angular-material-data-table@^0.10.10:
  version "0.10.10"
  resolved "https://registry.yarnpkg.com/angular-material-data-table/-/angular-material-data-table-0.10.10.tgz#229b402745ec1a146f07da8d1e526be6540849ee"
  integrity sha1-IptAJ0XsGhRvB9qNHlJr5lQISe4=

angular-material@^1.1.24:
  version "1.1.24"
  resolved "https://registry.yarnpkg.com/angular-material/-/angular-material-1.1.24.tgz#1d1ae06973abe6f0b4c16ca5c4eb27aafa8382a7"
  integrity sha512-WlepLr+04g9g+Pd26t0G7vNRvF6XVCgRo7VZA1d/XGwpt5O0KafKujcaurFkYvgF5qaGGQXGPokX8sj6KaxDsw==

angular-messages@^1.8.0:
  version "1.8.0"
  resolved "https://registry.yarnpkg.com/angular-messages/-/angular-messages-1.8.0.tgz#dcdb8ea7d85a939526921e8cf05950601dc2b8fb"
  integrity sha512-LSlyTv80y1vg8Cfdz+RJ0BrraWkq0qsOZHyrHFT8NyYWC5yp6HQabvZvTpKv9YA+6o05wwAU90qXHSrnUlSflA==

angular-sanitize@^1.8.0:
  version "1.8.0"
  resolved "https://registry.yarnpkg.com/angular-sanitize/-/angular-sanitize-1.8.0.tgz#9f80782d3afeec3bcc0bb92b3ca6f1f421cfbca6"
  integrity sha512-j5GiOPCvfcDWK5svEOVoPb11X3UDVy/mdHPRWuy14Iyw86xaq+Bb+x/em2sAOa5MQQeY5ciLXbF3RRp8iCKcNg==

angular-ui-mask@^1.8.7:
  version "1.8.7"
  resolved "https://registry.yarnpkg.com/angular-ui-mask/-/angular-ui-mask-1.8.7.tgz#2935ae82345aded60e7b8c997f3902dfb8ed465b"
  integrity sha1-KTWugjRa3tYOe4yZfzkC37jtRls=

angular@^1.8.0:
  version "1.8.0"
  resolved "https://registry.yarnpkg.com/angular/-/angular-1.8.0.tgz#b1ec179887869215cab6dfd0df2e42caa65b1b51"
  integrity sha512-VdaMx+Qk0Skla7B5gw77a8hzlcOakwF8mjlW13DpIWIDlfqwAbSSLfd8N/qZnzEmQF4jC4iofInd3gE7vL8ZZg==

jquery@^3.5.1:
  version "3.5.1"
  resolved "https://registry.yarnpkg.com/jquery/-/jquery-3.5.1.tgz#d7b4d08e1bfdb86ad2f1a3d039ea17304717abb5"
  integrity sha512-XwIBPqcMn57FxfT+Go5pzySnm4KWkT1Tv7gjrpT1srtf8Weynl6R273VJ5GjkRb51IzMp5nbaPjJXMWeju2MKg==
